
Microsoft Visual Studio Solution File, Format Version 12.00
# Visual Studio 2017
Project("{FAE04EC0-301F-11D3-BF4B-00C04F79EFBC}") = "Controllapp", "Controllapp.csproj", "{B17BF72D-03F0-8B0D-A461-FD1002401841}"
EndProject
Project("{FAE04EC0-301F-11D3-BF4B-00C04F79EFBC}") = "Controllapp.Plugins", "Controllapp.Plugins.csproj", "{EE8B634A-66D9-39E8-0598-FF832AF2225D}"
EndProject
Project("{FAE04EC0-301F-11D3-BF4B-00C04F79EFBC}") = "Controllapp.Editor", "Controllapp.Editor.csproj", "{C4736F6F-8E7F-CEDE-2F8F-1D235606DE85}"
EndProject
Global
	GlobalSection(SolutionConfigurationPlatforms) = preSolution
		Debug|Any CPU = Debug|Any CPU
		Release|Any CPU = Release|Any CPU
	EndGlobalSection
	GlobalSection(ProjectConfigurationPlatforms) = postSolution
		{B17BF72D-03F0-8B0D-A461-FD1002401841}.Debug|Any CPU.ActiveCfg = Debug|Any CPU
		{B17BF72D-03F0-8B0D-A461-FD1002401841}.Debug|Any CPU.Build.0 = Debug|Any CPU
		{B17BF72D-03F0-8B0D-A461-FD1002401841}.Release|Any CPU.ActiveCfg = Release|Any CPU
		{B17BF72D-03F0-8B0D-A461-FD1002401841}.Release|Any CPU.Build.0 = Release|Any CPU
		{EE8B634A-66D9-39E8-0598-FF832AF2225D}.Debug|Any CPU.ActiveCfg = Debug|Any CPU
		{EE8B634A-66D9-39E8-0598-FF832AF2225D}.Debug|Any CPU.Build.0 = Debug|Any CPU
		{EE8B634A-66D9-39E8-0598-FF832AF2225D}.Release|Any CPU.ActiveCfg = Release|Any CPU
		{EE8B634A-66D9-39E8-0598-FF832AF2225D}.Release|Any CPU.Build.0 = Release|Any CPU
		{C4736F6F-8E7F-CEDE-2F8F-1D235606DE85}.Debug|Any CPU.ActiveCfg = Debug|Any CPU
		{C4736F6F-8E7F-CEDE-2F8F-1D235606DE85}.Debug|Any CPU.Build.0 = Debug|Any CPU
		{C4736F6F-8E7F-CEDE-2F8F-1D235606DE85}.Release|Any CPU.ActiveCfg = Release|Any CPU
		{C4736F6F-8E7F-CEDE-2F8F-1D235606DE85}.Release|Any CPU.Build.0 = Release|Any CPU
	EndGlobalSection
	GlobalSection(SolutionProperties) = preSolution
		HideSolutionNode = FALSE
	EndGlobalSection
EndGlobal
